
Microsoft Visual Studio Solution File, Format Version 12.00
# Visual Studio Version 16
VisualStudioVersion = 16.0.31729.503
MinimumVisualStudioVersion = 10.0.40219.1
Project("{FAE04EC0-301F-11D3-BF4B-00C04F79EFBC}") = "API_Filmes_CS", "API_Filmes_CS\API_Filmes_CS.csproj", "{924F95E5-3E93-4A19-80D1-7FE33812D2EB}"
EndProject
Global
	GlobalSection(SolutionConfigurationPlatforms) = preSolution
		Debug|Any CPU = Debug|Any CPU
		Release|Any CPU = Release|Any CPU
	EndGlobalSection
	GlobalSection(ProjectConfigurationPlatforms) = postSolution
		{924F95E5-3E93-4A19-80D1-7FE33812D2EB}.Debug|Any CPU.ActiveCfg = Debug|Any CPU
		{924F95E5-3E93-4A19-80D1-7FE33812D2EB}.Debug|Any CPU.Build.0 = Debug|Any CPU
		{924F95E5-3E93-4A19-80D1-7FE33812D2EB}.Release|Any CPU.ActiveCfg = Release|Any CPU
		{924F95E5-3E93-4A19-80D1-7FE33812D2EB}.Release|Any CPU.Build.0 = Release|Any CPU
	EndGlobalSection
	GlobalSection(SolutionProperties) = preSolution
		HideSolutionNode = FALSE
	EndGlobalSection
	GlobalSection(ExtensibilityGlobals) = postSolution
		SolutionGuid = {79862D08-64E7-4186-85A7-68FA093791A5}
	EndGlobalSection
EndGlobal
